# This file is autogenerated, do not edit; changes may be undone by the next 'dep ensure'.


[[projects]]
  digest = "1:79421244ba5848aae4b0a5c41e633a04e4894cb0b164a219dc8c15ec7facb7f1"
  name = "github.com/blang/semver"
  packages = ["."]
  pruneopts = ""
  revision = "2ee87856327ba09384cabd113bc6b5d174e9ec0f"
  version = "v3.5.1"

[[projects]]
  branch = "master"
  digest = "1:3b760d3b93f994df8eb1d9ebfad17d3e9e37edcb7f7efaa15b427c0d7a64f4e4"
  name = "github.com/golang/protobuf"
  packages = ["proto"]
  pruneopts = ""
  revision = "1e59b77b52bf8e4b449a57e6f79f21226d571845"

[[projects]]
  digest = "1:32b27072cd55bd2fb7244de0425943d125da6a552ae2b6517cdd965a662baf18"
  name = "github.com/onsi/ginkgo"
  packages = [
    ".",
    "config",
    "extensions/table",
    "internal/codelocation",
    "internal/containernode",
    "internal/failer",
    "internal/leafnodes",
    "internal/remote",
    "internal/spec",
    "internal/spec_iterator",
    "internal/specrunner",
    "internal/suite",
    "internal/testingtproxy",
    "internal/writer",
    "reporters",
    "reporters/stenographer",
    "reporters/stenographer/support/go-colorable",
    "reporters/stenographer/support/go-isatty",
    "types",
  ]
  pruneopts = ""
  revision = "9eda700730cba42af70d53180f9dcce9266bc2bc"
  version = "v1.4.0"

[[projects]]
  digest = "1:a4e59d0b2821c983b58c317f141cd77df20570979632da8a7a352e5d12698de7"
  name = "github.com/onsi/gomega"
  packages = [
    ".",
    "format",
    "internal/assertion",
    "internal/asyncassertion",
    "internal/oraclematcher",
    "internal/testingtsupport",
    "matchers",
    "matchers/support/goraph/bipartitegraph",
    "matchers/support/goraph/edge",
    "matchers/support/goraph/node",
    "matchers/support/goraph/util",
    "types",
  ]
  pruneopts = ""
  revision = "c893efa28eb45626cdaa76c9f653b62488858837"
  version = "v1.2.0"

[[projects]]
  branch = "master"
  digest = "1:5724e6a8c2ba2595f7f48879a8f3e3f2efba38cf2e0fd76b5cb6dec4bff40442"
  name = "github.com/pivotal-cf-experimental/bosh-test"
  packages = [
    "bosh",
    "turbulence",
  ]
  pruneopts = ""
  revision = "c96d7f21dffd8ffd7a0e4ac9b30cb4f51efc4796"

[[projects]]
  branch = "master"
  digest = "1:a9afbcb2b5dacde3889b77124be6abe68477a09c6da3df224cc74f5e180454e6"
  name = "golang.org/x/net"
  packages = [
    "context",
    "context/ctxhttp",
    "html",
    "html/atom",
    "html/charset",
  ]
  pruneopts = ""
  revision = "d866cfc389cec985d6fda2859936a575a55a3ab6"

[[projects]]
  branch = "master"
  digest = "1:1dadd2222ba990ba420d7c5a60375f9ff176ad3051199631eb95d61aa2b51288"
  name = "golang.org/x/oauth2"
  packages = [
    ".",
    "clientcredentials",
    "internal",
  ]
  pruneopts = ""
  revision = "0448841f0cbe9d174c6c1cedd177f583337b8e2c"

[[projects]]
  branch = "master"
  digest = "1:f5dd093d646b7d046a34f970e4d1594a9a1f5d4083380fbe701abcf4e546788c"
  name = "golang.org/x/sys"
  packages = ["unix"]
  pruneopts = ""
  revision = "d818ba11af4465e00c1998bd3f8a55603b422290"

[[projects]]
  branch = "master"
  digest = "1:3b8b5047751bce517d1888063cf2f0acd91c31273c290946079c513ce78e3013"
  name = "golang.org/x/text"
  packages = [
    "encoding",
    "encoding/charmap",
    "encoding/htmlindex",
    "encoding/internal",
    "encoding/internal/identifier",
    "encoding/japanese",
    "encoding/korean",
    "encoding/simplifiedchinese",
    "encoding/traditionalchinese",
    "encoding/unicode",
    "internal/gen",
    "internal/tag",
    "internal/utf8internal",
    "language",
    "runes",
    "transform",
    "unicode/cldr",
  ]
  pruneopts = ""
  revision = "eb22672bea55af56d225d4e35405f4d2e9f062a0"

[[projects]]
  digest = "1:934fb8966f303ede63aa405e2c8d7f0a427a05ea8df335dfdc1833dd4d40756f"
  name = "google.golang.org/appengine"
  packages = [
    "internal",
    "internal/base",
    "internal/datastore",
    "internal/log",
    "internal/remote_api",
    "internal/urlfetch",
    "urlfetch",
  ]
  pruneopts = ""
  revision = "150dc57a1b433e64154302bdc40b6bb8aefa313a"
  version = "v1.0.0"

[[projects]]
  branch = "v2"
  digest = "1:f769ed60e075e4221612c2f4162fccc9d3795ef358fa463425e3b3d7a5debb27"
  name = "gopkg.in/yaml.v2"
  packages = ["."]
  pruneopts = ""
  revision = "287cf08546ab5e7e37d55a84f7ed3fd1db036de5"

[solve-meta]
  analyzer-name = "dep"
  analyzer-version = 1
  input-imports = [
    "github.com/blang/semver",
    "github.com/onsi/ginkgo",
    "github.com/onsi/ginkgo/extensions/table",
    "github.com/onsi/gomega",
    "github.com/pivotal-cf-experimental/bosh-test/bosh",
    "github.com/pivotal-cf-experimental/bosh-test/turbulence",
    "golang.org/x/oauth2",
    "golang.org/x/oauth2/clientcredentials",
    "gopkg.in/yaml.v2",
  ]
  solver-name = "gps-cdcl"
  solver-version = 1
